
Microsoft Visual Studio Solution File, Format Version 12.00
# Visual Studio Version 17
VisualStudioVersion = 17.2.32519.379
MinimumVisualStudioVersion = 10.0.40219.1
Project("{FAE04EC0-301F-11D3-BF4B-00C04F79EFBC}") = "ArduSub_v_1", "ArduSub_v_1\ArduSub_v_1.csproj", "{6728660B-F705-4579-8334-F88D4F897FA1}"
EndProject
Global
	GlobalSection(SolutionConfigurationPlatforms) = preSolution
		Debug|Any CPU = Debug|Any CPU
		Release|Any CPU = Release|Any CPU
	EndGlobalSection
	GlobalSection(ProjectConfigurationPlatforms) = postSolution
		{6728660B-F705-4579-8334-F88D4F897FA1}.Debug|Any CPU.ActiveCfg = Debug|Any CPU
		{6728660B-F705-4579-8334-F88D4F897FA1}.Debug|Any CPU.Build.0 = Debug|Any CPU
		{6728660B-F705-4579-8334-F88D4F897FA1}.Release|Any CPU.ActiveCfg = Release|Any CPU
		{6728660B-F705-4579-8334-F88D4F897FA1}.Release|Any CPU.Build.0 = Release|Any CPU
	EndGlobalSection
	GlobalSection(SolutionProperties) = preSolution
		HideSolutionNode = FALSE
	EndGlobalSection
	GlobalSection(ExtensibilityGlobals) = postSolution
		SolutionGuid = {36CECF5A-380F-465F-B9B3-A12A02394833}
	EndGlobalSection
EndGlobal
